
Microsoft Visual Studio Solution File, Format Version 12.00
# Visual Studio Version 16
VisualStudioVersion = 16.0.30907.101
MinimumVisualStudioVersion = 10.0.40219.1
Project("{FAE04EC0-301F-11D3-BF4B-00C04F79EFBC}") = "Oyunlar", "Oyunlar\Oyunlar.csproj", "{48B452D1-07BC-4A17-9FA7-A21CB0430062}"
EndProject
Global
	GlobalSection(SolutionConfigurationPlatforms) = preSolution
		Debug|Any CPU = Debug|Any CPU
		Release|Any CPU = Release|Any CPU
	EndGlobalSection
	GlobalSection(ProjectConfigurationPlatforms) = postSolution
		{48B452D1-07BC-4A17-9FA7-A21CB0430062}.Debug|Any CPU.ActiveCfg = Debug|Any CPU
		{48B452D1-07BC-4A17-9FA7-A21CB0430062}.Debug|Any CPU.Build.0 = Debug|Any CPU
		{48B452D1-07BC-4A17-9FA7-A21CB0430062}.Release|Any CPU.ActiveCfg = Release|Any CPU
		{48B452D1-07BC-4A17-9FA7-A21CB0430062}.Release|Any CPU.Build.0 = Release|Any CPU
	EndGlobalSection
	GlobalSection(SolutionProperties) = preSolution
		HideSolutionNode = FALSE
	EndGlobalSection
	GlobalSection(ExtensibilityGlobals) = postSolution
		SolutionGuid = {BF399947-4FFF-44F8-AEE0-60C051214D11}
	EndGlobalSection
EndGlobal
